// !$*UTF8*$!
{
	archiveVersion = 1;
	classes = {
	};
	objectVersion = 56;
	objects = {

/* Begin PBXBuildFile section */
		CEE5CC282BBAB4CF00EC7486 /* AppDelegate.swift in Sources */ = {isa = PBXBuildFile; fileRef = CEE5CC272BBAB4CF00EC7486 /* AppDelegate.swift */; };
		CEE5CC312BBAB4D200EC7486 /* Assets.xcassets in Resources */ = {isa = PBXBuildFile; fileRef = CEE5CC302BBAB4D200EC7486 /* Assets.xcassets */; };
		CEE5CC342BBAB4D200EC7486 /* LaunchScreen.storyboard in Resources */ = {isa = PBXBuildFile; fileRef = CEE5CC322BBAB4D200EC7486 /* LaunchScreen.storyboard */; };
		CEE5CC452BBAC6D400EC7486 /* Collor+Extension.swift in Sources */ = {isa = PBXBuildFile; fileRef = CEE5CC442BBAC6D400EC7486 /* Collor+Extension.swift */; };
		CEE5CC482BBAC7AD00EC7486 /* Colors.swift in Sources */ = {isa = PBXBuildFile; fileRef = CEE5CC472BBAC7AD00EC7486 /* Colors.swift */; };
		CEFF20BB2BBACBF40038EC10 /* MagneticViewController.swift in Sources */ = {isa = PBXBuildFile; fileRef = CEFF20B92BBACBF40038EC10 /* MagneticViewController.swift */; };
		CEFF20BC2BBACBF40038EC10 /* MagneticViewController.xib in Resources */ = {isa = PBXBuildFile; fileRef = CEFF20BA2BBACBF40038EC10 /* MagneticViewController.xib */; };
		CEFF20BF2BBACC450038EC10 /* BaseController.swift in Sources */ = {isa = PBXBuildFile; fileRef = CEFF20BE2BBACC450038EC10 /* BaseController.swift */; };
		CEFF20C22BBACF1B0038EC10 /* TitleLabel.swift in Sources */ = {isa = PBXBuildFile; fileRef = CEFF20C12BBACF1B0038EC10 /* TitleLabel.swift */; };
		CEFF20C42BBAD18C0038EC10 /* Titles.swift in Sources */ = {isa = PBXBuildFile; fileRef = CEFF20C32BBAD18C0038EC10 /* Titles.swift */; };
		CEFF20C62BBAD2540038EC10 /* CoordinatorProtocol.swift in Sources */ = {isa = PBXBuildFile; fileRef = CEFF20C52BBAD2540038EC10 /* CoordinatorProtocol.swift */; };
		CEFF20C82BBAD2B20038EC10 /* MagneticCoordinator.swift in Sources */ = {isa = PBXBuildFile; fileRef = CEFF20C72BBAD2B20038EC10 /* MagneticCoordinator.swift */; };
		CEFF20CD2BBAD3270038EC10 /* MagneticCoordinatorProtocol.swift in Sources */ = {isa = PBXBuildFile; fileRef = CEFF20CC2BBAD3270038EC10 /* MagneticCoordinatorProtocol.swift */; };
		CEFF20CF2BBAD34E0038EC10 /* MagneticCoordinatorEvent.swift in Sources */ = {isa = PBXBuildFile; fileRef = CEFF20CE2BBAD34E0038EC10 /* MagneticCoordinatorEvent.swift */; };
		CEFF20D32BBAEB770038EC10 /* PurpleButton.swift in Sources */ = {isa = PBXBuildFile; fileRef = CEFF20D22BBAEB770038EC10 /* PurpleButton.swift */; };
/* End PBXBuildFile section */

/* Begin PBXFileReference section */
		CEE5CC242BBAB4CF00EC7486 /* EfMagnetic.app */ = {isa = PBXFileReference; explicitFileType = wrapper.application; includeInIndex = 0; path = EfMagnetic.app; sourceTree = BUILT_PRODUCTS_DIR; };
		CEE5CC272BBAB4CF00EC7486 /* AppDelegate.swift */ = {isa = PBXFileReference; lastKnownFileType = sourcecode.swift; path = AppDelegate.swift; sourceTree = "<group>"; };
		CEE5CC302BBAB4D200EC7486 /* Assets.xcassets */ = {isa = PBXFileReference; lastKnownFileType = folder.assetcatalog; path = Assets.xcassets; sourceTree = "<group>"; };
		CEE5CC332BBAB4D200EC7486 /* Base */ = {isa = PBXFileReference; lastKnownFileType = file.storyboard; name = Base; path = Base.lproj/LaunchScreen.storyboard; sourceTree = "<group>"; };
		CEE5CC352BBAB4D200EC7486 /* Info.plist */ = {isa = PBXFileReference; lastKnownFileType = text.plist.xml; path = Info.plist; sourceTree = "<group>"; };
		CEE5CC442BBAC6D400EC7486 /* Collor+Extension.swift */ = {isa = PBXFileReference; lastKnownFileType = sourcecode.swift; path = "Collor+Extension.swift"; sourceTree = "<group>"; };
		CEE5CC472BBAC7AD00EC7486 /* Colors.swift */ = {isa = PBXFileReference; lastKnownFileType = sourcecode.swift; path = Colors.swift; sourceTree = "<group>"; };
		CEFF20B92BBACBF40038EC10 /* MagneticViewController.swift */ = {isa = PBXFileReference; lastKnownFileType = sourcecode.swift; path = MagneticViewController.swift; sourceTree = "<group>"; };
		CEFF20BA2BBACBF40038EC10 /* MagneticViewController.xib */ = {isa = PBXFileReference; lastKnownFileType = file.xib; path = MagneticViewController.xib; sourceTree = "<group>"; };
		CEFF20BE2BBACC450038EC10 /* BaseController.swift */ = {isa = PBXFileReference; lastKnownFileType = sourcecode.swift; path = BaseController.swift; sourceTree = "<group>"; };
		CEFF20C12BBACF1B0038EC10 /* TitleLabel.swift */ = {isa = PBXFileReference; lastKnownFileType = sourcecode.swift; path = TitleLabel.swift; sourceTree = "<group>"; };
		CEFF20C32BBAD18C0038EC10 /* Titles.swift */ = {isa = PBXFileReference; lastKnownFileType = sourcecode.swift; path = Titles.swift; sourceTree = "<group>"; };
		CEFF20C52BBAD2540038EC10 /* CoordinatorProtocol.swift */ = {isa = PBXFileReference; lastKnownFileType = sourcecode.swift; path = CoordinatorProtocol.swift; sourceTree = "<group>"; };
		CEFF20C72BBAD2B20038EC10 /* MagneticCoordinator.swift */ = {isa = PBXFileReference; lastKnownFileType = sourcecode.swift; path = MagneticCoordinator.swift; sourceTree = "<group>"; };
		CEFF20CC2BBAD3270038EC10 /* MagneticCoordinatorProtocol.swift */ = {isa = PBXFileReference; lastKnownFileType = sourcecode.swift; path = MagneticCoordinatorProtocol.swift; sourceTree = "<group>"; };
		CEFF20CE2BBAD34E0038EC10 /* MagneticCoordinatorEvent.swift */ = {isa = PBXFileReference; lastKnownFileType = sourcecode.swift; path = MagneticCoordinatorEvent.swift; sourceTree = "<group>"; };
		CEFF20D22BBAEB770038EC10 /* PurpleButton.swift */ = {isa = PBXFileReference; lastKnownFileType = sourcecode.swift; path = PurpleButton.swift; sourceTree = "<group>"; };
/* End PBXFileReference section */

/* Begin PBXFrameworksBuildPhase section */
		CEE5CC212BBAB4CF00EC7486 /* Frameworks */ = {
			isa = PBXFrameworksBuildPhase;
			buildActionMask = 2147483647;
			files = (
			);
			runOnlyForDeploymentPostprocessing = 0;
		};
/* End PBXFrameworksBuildPhase section */

/* Begin PBXGroup section */
		CEE5CC1B2BBAB4CF00EC7486 = {
			isa = PBXGroup;
			children = (
				CEE5CC262BBAB4CF00EC7486 /* EfMagnetic */,
				CEE5CC252BBAB4CF00EC7486 /* Products */,
			);
			sourceTree = "<group>";
		};
		CEE5CC252BBAB4CF00EC7486 /* Products */ = {
			isa = PBXGroup;
			children = (
				CEE5CC242BBAB4CF00EC7486 /* EfMagnetic.app */,
			);
			name = Products;
			sourceTree = "<group>";
		};
		CEE5CC262BBAB4CF00EC7486 /* EfMagnetic */ = {
			isa = PBXGroup;
			children = (
				CEFF20C02BBACEFE0038EC10 /* CustomElements */,
				CEE5CC462BBAC79700EC7486 /* Models */,
				CEE5CC432BBAC6AF00EC7486 /* Extensions */,
				CEE5CC272BBAB4CF00EC7486 /* AppDelegate.swift */,
				CEE5CC302BBAB4D200EC7486 /* Assets.xcassets */,
				CEE5CC322BBAB4D200EC7486 /* LaunchScreen.storyboard */,
				CEE5CC352BBAB4D200EC7486 /* Info.plist */,
				CEE5CC422BBAC25300EC7486 /* Coordinators */,
				CEE5CC412BBAC23A00EC7486 /* Conrtolers */,
			);
			path = EfMagnetic;
			sourceTree = "<group>";
		};
		CEE5CC412BBAC23A00EC7486 /* Conrtolers */ = {
			isa = PBXGroup;
			children = (
				CEFF20BD2BBACC240038EC10 /* BaseController */,
				CEE5CC492BBAC89000EC7486 /* Magnetic */,
			);
			path = Conrtolers;
			sourceTree = "<group>";
		};
		CEE5CC422BBAC25300EC7486 /* Coordinators */ = {
			isa = PBXGroup;
			children = (
				CEFF20C52BBAD2540038EC10 /* CoordinatorProtocol.swift */,
				CEFF20C92BBAD2DD0038EC10 /* MagneticCoordinator */,
			);
			path = Coordinators;
			sourceTree = "<group>";
		};
		CEE5CC432BBAC6AF00EC7486 /* Extensions */ = {
			isa = PBXGroup;
			children = (
				CEE5CC442BBAC6D400EC7486 /* Collor+Extension.swift */,
			);
			path = Extensions;
			sourceTree = "<group>";
		};
		CEE5CC462BBAC79700EC7486 /* Models */ = {
			isa = PBXGroup;
			children = (
				CEE5CC472BBAC7AD00EC7486 /* Colors.swift */,
				CEFF20C32BBAD18C0038EC10 /* Titles.swift */,
			);
			path = Models;
			sourceTree = "<group>";
		};
		CEE5CC492BBAC89000EC7486 /* Magnetic */ = {
			isa = PBXGroup;
			children = (
				CEFF20B92BBACBF40038EC10 /* MagneticViewController.swift */,
				CEFF20BA2BBACBF40038EC10 /* MagneticViewController.xib */,
			);
			path = Magnetic;
			sourceTree = "<group>";
		};
		CEFF20BD2BBACC240038EC10 /* BaseController */ = {
			isa = PBXGroup;
			children = (
				CEFF20BE2BBACC450038EC10 /* BaseController.swift */,
			);
			path = BaseController;
			sourceTree = "<group>";
		};
		CEFF20C02BBACEFE0038EC10 /* CustomElements */ = {
			isa = PBXGroup;
			children = (
				CEFF20C12BBACF1B0038EC10 /* TitleLabel.swift */,
				CEFF20D22BBAEB770038EC10 /* PurpleButton.swift */,
			);
			path = CustomElements;
			sourceTree = "<group>";
		};
		CEFF20C92BBAD2DD0038EC10 /* MagneticCoordinator */ = {
			isa = PBXGroup;
			children = (
				CEFF20C72BBAD2B20038EC10 /* MagneticCoordinator.swift */,
				CEFF20CC2BBAD3270038EC10 /* MagneticCoordinatorProtocol.swift */,
				CEFF20CE2BBAD34E0038EC10 /* MagneticCoordinatorEvent.swift */,
			);
			path = MagneticCoordinator;
			sourceTree = "<group>";
		};
/* End PBXGroup section */

/* Begin PBXNativeTarget section */
		CEE5CC232BBAB4CF00EC7486 /* EfMagnetic */ = {
			isa = PBXNativeTarget;
			buildConfigurationList = CEE5CC382BBAB4D200EC7486 /* Build configuration list for PBXNativeTarget "EfMagnetic" */;
			buildPhases = (
				CEE5CC202BBAB4CF00EC7486 /* Sources */,
				CEE5CC212BBAB4CF00EC7486 /* Frameworks */,
				CEE5CC222BBAB4CF00EC7486 /* Resources */,
			);
			buildRules = (
			);
			dependencies = (
			);
			name = EfMagnetic;
			productName = EfMagnetic;
			productReference = CEE5CC242BBAB4CF00EC7486 /* EfMagnetic.app */;
			productType = "com.apple.product-type.application";
		};
/* End PBXNativeTarget section */

/* Begin PBXProject section */
		CEE5CC1C2BBAB4CF00EC7486 /* Project object */ = {
			isa = PBXProject;
			attributes = {
				BuildIndependentTargetsInParallel = 1;
				LastSwiftUpdateCheck = 1420;
				LastUpgradeCheck = 1420;
				TargetAttributes = {
					CEE5CC232BBAB4CF00EC7486 = {
						CreatedOnToolsVersion = 14.2;
					};
				};
			};
			buildConfigurationList = CEE5CC1F2BBAB4CF00EC7486 /* Build configuration list for PBXProject "EfMagnetic" */;
			compatibilityVersion = "Xcode 14.0";
			developmentRegion = en;
			hasScannedForEncodings = 0;
			knownRegions = (
				en,
				Base,
			);
			mainGroup = CEE5CC1B2BBAB4CF00EC7486;
			productRefGroup = CEE5CC252BBAB4CF00EC7486 /* Products */;
			projectDirPath = "";
			projectRoot = "";
			targets = (
				CEE5CC232BBAB4CF00EC7486 /* EfMagnetic */,
			);
		};
/* End PBXProject section */

/* Begin PBXResourcesBuildPhase section */
		CEE5CC222BBAB4CF00EC7486 /* Resources */ = {
			isa = PBXResourcesBuildPhase;
			buildActionMask = 2147483647;
			files = (
				CEFF20BC2BBACBF40038EC10 /* MagneticViewController.xib in Resources */,
				CEE5CC342BBAB4D200EC7486 /* LaunchScreen.storyboard in Resources */,
				CEE5CC312BBAB4D200EC7486 /* Assets.xcassets in Resources */,
			);
			runOnlyForDeploymentPostprocessing = 0;
		};
/* End PBXResourcesBuildPhase section */

/* Begin PBXSourcesBuildPhase section */
		CEE5CC202BBAB4CF00EC7486 /* Sources */ = {
			isa = PBXSourcesBuildPhase;
			buildActionMask = 2147483647;
			files = (
				CEE5CC452BBAC6D400EC7486 /* Collor+Extension.swift in Sources */,
				CEE5CC482BBAC7AD00EC7486 /* Colors.swift in Sources */,
				CEFF20C82BBAD2B20038EC10 /* MagneticCoordinator.swift in Sources */,
				CEFF20CF2BBAD34E0038EC10 /* MagneticCoordinatorEvent.swift in Sources */,
				CEE5CC282BBAB4CF00EC7486 /* AppDelegate.swift in Sources */,
				CEFF20C42BBAD18C0038EC10 /* Titles.swift in Sources */,
				CEFF20C62BBAD2540038EC10 /* CoordinatorProtocol.swift in Sources */,
				CEFF20C22BBACF1B0038EC10 /* TitleLabel.swift in Sources */,
				CEFF20BF2BBACC450038EC10 /* BaseController.swift in Sources */,
				CEFF20CD2BBAD3270038EC10 /* MagneticCoordinatorProtocol.swift in Sources */,
				CEFF20BB2BBACBF40038EC10 /* MagneticViewController.swift in Sources */,
				CEFF20D32BBAEB770038EC10 /* PurpleButton.swift in Sources */,
			);
			runOnlyForDeploymentPostprocessing = 0;
		};
/* End PBXSourcesBuildPhase section */

/* Begin PBXVariantGroup section */
		CEE5CC322BBAB4D200EC7486 /* LaunchScreen.storyboard */ = {
			isa = PBXVariantGroup;
			children = (
				CEE5CC332BBAB4D200EC7486 /* Base */,
			);
			name = LaunchScreen.storyboard;
			sourceTree = "<group>";
		};
/* End PBXVariantGroup section */

/* Begin XCBuildConfiguration section */
		CEE5CC362BBAB4D200EC7486 /* Debug */ = {
			isa = XCBuildConfiguration;
			buildSettings = {
				ALWAYS_SEARCH_USER_PATHS = NO;
				CLANG_ANALYZER_NONNULL = YES;
				CLANG_ANALYZER_NUMBER_OBJECT_CONVERSION = YES_AGGRESSIVE;
				CLANG_CXX_LANGUAGE_STANDARD = "gnu++20";
				CLANG_ENABLE_MODULES = YES;
				CLANG_ENABLE_OBJC_ARC = YES;
				CLANG_ENABLE_OBJC_WEAK = YES;
				CLANG_WARN_BLOCK_CAPTURE_AUTORELEASING = YES;
				CLANG_WARN_BOOL_CONVERSION = YES;
				CLANG_WARN_COMMA = YES;
				CLANG_WARN_CONSTANT_CONVERSION = YES;
				CLANG_WARN_DEPRECATED_OBJC_IMPLEMENTATIONS = YES;
				CLANG_WARN_DIRECT_OBJC_ISA_USAGE = YES_ERROR;
				CLANG_WARN_DOCUMENTATION_COMMENTS = YES;
				CLANG_WARN_EMPTY_BODY = YES;
				CLANG_WARN_ENUM_CONVERSION = YES;
				CLANG_WARN_INFINITE_RECURSION = YES;
				CLANG_WARN_INT_CONVERSION = YES;
				CLANG_WARN_NON_LITERAL_NULL_CONVERSION = YES;
				CLANG_WARN_OBJC_IMPLICIT_RETAIN_SELF = YES;
				CLANG_WARN_OBJC_LITERAL_CONVERSION = YES;
				CLANG_WARN_OBJC_ROOT_CLASS = YES_ERROR;
				CLANG_WARN_QUOTED_INCLUDE_IN_FRAMEWORK_HEADER = YES;
				CLANG_WARN_RANGE_LOOP_ANALYSIS = YES;
				CLANG_WARN_STRICT_PROTOTYPES = YES;
				CLANG_WARN_SUSPICIOUS_MOVE = YES;
				CLANG_WARN_UNGUARDED_AVAILABILITY = YES_AGGRESSIVE;
				CLANG_WARN_UNREACHABLE_CODE = YES;
				CLANG_WARN__DUPLICATE_METHOD_MATCH = YES;
				COPY_PHASE_STRIP = NO;
				DEBUG_INFORMATION_FORMAT = dwarf;
				ENABLE_STRICT_OBJC_MSGSEND = YES;
				ENABLE_TESTABILITY = YES;
				GCC_C_LANGUAGE_STANDARD = gnu11;
				GCC_DYNAMIC_NO_PIC = NO;
				GCC_NO_COMMON_BLOCKS = YES;
				GCC_OPTIMIZATION_LEVEL = 0;
				GCC_PREPROCESSOR_DEFINITIONS = (
					"DEBUG=1",
					"$(inherited)",
				);
				GCC_WARN_64_TO_32_BIT_CONVERSION = YES;
				GCC_WARN_ABOUT_RETURN_TYPE = YES_ERROR;
				GCC_WARN_UNDECLARED_SELECTOR = YES;
				GCC_WARN_UNINITIALIZED_AUTOS = YES_AGGRESSIVE;
				GCC_WARN_UNUSED_FUNCTION = YES;
				GCC_WARN_UNUSED_VARIABLE = YES;
				IPHONEOS_DEPLOYMENT_TARGET = 16.2;
				MTL_ENABLE_DEBUG_INFO = INCLUDE_SOURCE;
				MTL_FAST_MATH = YES;
				ONLY_ACTIVE_ARCH = YES;
				SDKROOT = iphoneos;
				SWIFT_ACTIVE_COMPILATION_CONDITIONS = DEBUG;
				SWIFT_OPTIMIZATION_LEVEL = "-Onone";
			};
			name = Debug;
		};
		CEE5CC372BBAB4D200EC7486 /* Release */ = {
			isa = XCBuildConfiguration;
			buildSettings = {
				ALWAYS_SEARCH_USER_PATHS = NO;
				CLANG_ANALYZER_NONNULL = YES;
				CLANG_ANALYZER_NUMBER_OBJECT_CONVERSION = YES_AGGRESSIVE;
				CLANG_CXX_LANGUAGE_STANDARD = "gnu++20";
				CLANG_ENABLE_MODULES = YES;
				CLANG_ENABLE_OBJC_ARC = YES;
				CLANG_ENABLE_OBJC_WEAK = YES;
				CLANG_WARN_BLOCK_CAPTURE_AUTORELEASING = YES;
				CLANG_WARN_BOOL_CONVERSION = YES;
				CLANG_WARN_COMMA = YES;
				CLANG_WARN_CONSTANT_CONVERSION = YES;
				CLANG_WARN_DEPRECATED_OBJC_IMPLEMENTATIONS = YES;
				CLANG_WARN_DIRECT_OBJC_ISA_USAGE = YES_ERROR;
				CLANG_WARN_DOCUMENTATION_COMMENTS = YES;
				CLANG_WARN_EMPTY_BODY = YES;
				CLANG_WARN_ENUM_CONVERSION = YES;
				CLANG_WARN_INFINITE_RECURSION = YES;
				CLANG_WARN_INT_CONVERSION = YES;
				CLANG_WARN_NON_LITERAL_NULL_CONVERSION = YES;
				CLANG_WARN_OBJC_IMPLICIT_RETAIN_SELF = YES;
				CLANG_WARN_OBJC_LITERAL_CONVERSION = YES;
				CLANG_WARN_OBJC_ROOT_CLASS = YES_ERROR;
				CLANG_WARN_QUOTED_INCLUDE_IN_FRAMEWORK_HEADER = YES;
				CLANG_WARN_RANGE_LOOP_ANALYSIS = YES;
				CLANG_WARN_STRICT_PROTOTYPES = YES;
				CLANG_WARN_SUSPICIOUS_MOVE = YES;
				CLANG_WARN_UNGUARDED_AVAILABILITY = YES_AGGRESSIVE;
				CLANG_WARN_UNREACHABLE_CODE = YES;
				CLANG_WARN__DUPLICATE_METHOD_MATCH = YES;
				COPY_PHASE_STRIP = NO;
				DEBUG_INFORMATION_FORMAT = "dwarf-with-dsym";
				ENABLE_NS_ASSERTIONS = NO;
				ENABLE_STRICT_OBJC_MSGSEND = YES;
				GCC_C_LANGUAGE_STANDARD = gnu11;
				GCC_NO_COMMON_BLOCKS = YES;
				GCC_WARN_64_TO_32_BIT_CONVERSION = YES;
				GCC_WARN_ABOUT_RETURN_TYPE = YES_ERROR;
				GCC_WARN_UNDECLARED_SELECTOR = YES;
				GCC_WARN_UNINITIALIZED_AUTOS = YES_AGGRESSIVE;
				GCC_WARN_UNUSED_FUNCTION = YES;
				GCC_WARN_UNUSED_VARIABLE = YES;
				IPHONEOS_DEPLOYMENT_TARGET = 16.2;
				MTL_ENABLE_DEBUG_INFO = NO;
				MTL_FAST_MATH = YES;
				SDKROOT = iphoneos;
				SWIFT_COMPILATION_MODE = wholemodule;
				SWIFT_OPTIMIZATION_LEVEL = "-O";
				VALIDATE_PRODUCT = YES;
			};
			name = Release;
		};
		CEE5CC392BBAB4D200EC7486 /* Debug */ = {
			isa = XCBuildConfiguration;
			buildSettings = {
				ASSETCATALOG_COMPILER_APPICON_NAME = AppIcon;
				ASSETCATALOG_COMPILER_GLOBAL_ACCENT_COLOR_NAME = AccentColor;
				CODE_SIGN_STYLE = Automatic;
				CURRENT_PROJECT_VERSION = 1;
				DEVELOPMENT_TEAM = 364PACBHLP;
				GENERATE_INFOPLIST_FILE = YES;
				INFOPLIST_FILE = EfMagnetic/Info.plist;
				INFOPLIST_KEY_UIApplicationSupportsIndirectInputEvents = YES;
				INFOPLIST_KEY_UILaunchStoryboardName = LaunchScreen;
				INFOPLIST_KEY_UISupportedInterfaceOrientations_iPad = "UIInterfaceOrientationPortrait UIInterfaceOrientationPortraitUpsideDown UIInterfaceOrientationLandscapeLeft UIInterfaceOrientationLandscapeRight";
				INFOPLIST_KEY_UISupportedInterfaceOrientations_iPhone = "UIInterfaceOrientationPortrait UIInterfaceOrientationLandscapeLeft UIInterfaceOrientationLandscapeRight";
				LD_RUNPATH_SEARCH_PATHS = (
					"$(inherited)",
					"@executable_path/Frameworks",
				);
				MARKETING_VERSION = 1.0;
				PRODUCT_BUNDLE_IDENTIFIER = Efimenko.EfMagnetic;
				PRODUCT_NAME = "$(TARGET_NAME)";
				SWIFT_EMIT_LOC_STRINGS = YES;
				SWIFT_VERSION = 5.0;
				TARGETED_DEVICE_FAMILY = "1,2";
			};
			name = Debug;
		};
		CEE5CC3A2BBAB4D200EC7486 /* Release */ = {
			isa = XCBuildConfiguration;
			buildSettings = {
				ASSETCATALOG_COMPILER_APPICON_NAME = AppIcon;
				ASSETCATALOG_COMPILER_GLOBAL_ACCENT_COLOR_NAME = AccentColor;
				CODE_SIGN_STYLE = Automatic;
				CURRENT_PROJECT_VERSION = 1;
				DEVELOPMENT_TEAM = 364PACBHLP;
				GENERATE_INFOPLIST_FILE = YES;
				INFOPLIST_FILE = EfMagnetic/Info.plist;
				INFOPLIST_KEY_UIApplicationSupportsIndirectInputEvents = YES;
				INFOPLIST_KEY_UILaunchStoryboardName = LaunchScreen;
				INFOPLIST_KEY_UISupportedInterfaceOrientations_iPad = "UIInterfaceOrientationPortrait UIInterfaceOrientationPortraitUpsideDown UIInterfaceOrientationLandscapeLeft UIInterfaceOrientationLandscapeRight";
				INFOPLIST_KEY_UISupportedInterfaceOrientations_iPhone = "UIInterfaceOrientationPortrait UIInterfaceOrientationLandscapeLeft UIInterfaceOrientationLandscapeRight";
				LD_RUNPATH_SEARCH_PATHS = (
					"$(inherited)",
					"@executable_path/Frameworks",
				);
				MARKETING_VERSION = 1.0;
				PRODUCT_BUNDLE_IDENTIFIER = Efimenko.EfMagnetic;
				PRODUCT_NAME = "$(TARGET_NAME)";
				SWIFT_EMIT_LOC_STRINGS = YES;
				SWIFT_VERSION = 5.0;
				TARGETED_DEVICE_FAMILY = "1,2";
			};
			name = Release;
		};
/* End XCBuildConfiguration section */

/* Begin XCConfigurationList section */
		CEE5CC1F2BBAB4CF00EC7486 /* Build configuration list for PBXProject "EfMagnetic" */ = {
			isa = XCConfigurationList;
			buildConfigurations = (
				CEE5CC362BBAB4D200EC7486 /* Debug */,
				CEE5CC372BBAB4D200EC7486 /* Release */,
			);
			defaultConfigurationIsVisible = 0;
			defaultConfigurationName = Release;
		};
		CEE5CC382BBAB4D200EC7486 /* Build configuration list for PBXNativeTarget "EfMagnetic" */ = {
			isa = XCConfigurationList;
			buildConfigurations = (
				CEE5CC392BBAB4D200EC7486 /* Debug */,
				CEE5CC3A2BBAB4D200EC7486 /* Release */,
			);
			defaultConfigurationIsVisible = 0;
			defaultConfigurationName = Release;
		};
/* End XCConfigurationList section */
	};
	rootObject = CEE5CC1C2BBAB4CF00EC7486 /* Project object */;
}
